<?xml version="1.0" encoding="utf-8"?>
<Project ToolsVersion="4.0" xmlns="http://schemas.microsoft.com/developer/msbuild/2003">
  <ItemGroup>
    <Filter Include="Source Files">
      <UniqueIdentifier>{7fd30603-d021-458c-a73f-c8d88540c8d1}</UniqueIdentifier>
      <Extensions>cpp;c;cxx;rc;def;r;odl;idl;hpj;bat</Extensions>
    </Filter>
    <Filter Include="Header Files">
      <UniqueIdentifier>{d24634a4-0bff-441a-b553-6a480ee87b5d}</UniqueIdentifier>
      <Extensions>h;hpp;hxx;hm;inl</Extensions>
    </Filter>
    <Filter Include="Resource Files">
      <UniqueIdentifier>{2b9702c7-6447-4086-b548-197d9c90b249}</UniqueIdentifier>
      <Extensions>ico;cur;bmp;dlg;rc2;rct;bin;rgs;gif;jpg;jpeg;jpe</Extensions>
    </Filter>
  </ItemGroup>
  <ItemGroup>
    <ClCompile Include="LPC\chip.cpp">
      <Filter>Source Files</Filter>
    </ClCompile>
    <ClCompile Include="F718XX.CPP">
      <Filter>Source Files</Filter>
    </ClCompile>
    <ClCompile Include="InstDrv.cpp">
      <Filter>Source Files</Filter>
    </ClCompile>
    <ClCompile Include="IT87XX.CPP">
      <Filter>Source Files</Filter>
    </ClCompile>
    <ClCompile Include="LPC\LPCIO.cpp">
      <Filter>Source Files</Filter>
    </ClCompile>
    <ClCompile Include="Ring0.cpp">
      <Filter>Source Files</Filter>
    </ClCompile>
    <ClCompile Include="Sensors.cpp">
      <Filter>Source Files</Filter>
    </ClCompile>
    <ClCompile Include="SensorsTest.cpp">
      <Filter>Source Files</Filter>
    </ClCompile>
    <ClCompile Include="SensorsTestDlg.cpp">
      <Filter>Source Files</Filter>
    </ClCompile>
    <ClCompile Include="SmartReader.cpp">
      <Filter>Source Files</Filter>
    </ClCompile>
    <ClCompile Include="StdAfx.cpp">
      <Filter>Source Files</Filter>
    </ClCompile>
    <ClCompile Include="W836XX.CPP">
      <Filter>Source Files</Filter>
    </ClCompile>
  </ItemGroup>
  <ItemGroup>
    <ResourceCompile Include="SensorsTest.rc">
      <Filter>Source Files</Filter>
    </ResourceCompile>
  </ItemGroup>
  <ItemGroup>
    <ClInclude Include="Resource.h">
      <Filter>Header Files</Filter>
    </ClInclude>
    <ClInclude Include="SensorsTest.h">
      <Filter>Header Files</Filter>
    </ClInclude>
    <ClInclude Include="SensorsTestDlg.h">
      <Filter>Header Files</Filter>
    </ClInclude>
    <ClInclude Include="StdAfx.h">
      <Filter>Header Files</Filter>
    </ClInclude>
    <ClInclude Include="Ring0.h">
      <Filter>Header Files</Filter>
    </ClInclude>
    <ClInclude Include="cpuinfolib\CPUBasicInfo.h">
      <Filter>Header Files</Filter>
    </ClInclude>
    <ClInclude Include="cpuinfolib\libcpuinfo.h">
      <Filter>Header Files</Filter>
    </ClInclude>
    <ClInclude Include="cpuinfolib\libcpuinfo_constants.h">
      <Filter>Header Files</Filter>
    </ClInclude>
    <ClInclude Include="cpuinfolib\libcpuinfo_funclist.h">
      <Filter>Header Files</Filter>
    </ClInclude>
  </ItemGroup>
  <ItemGroup>
    <CustomBuild Include="res\SensorsTest.ico">
      <Filter>Resource Files</Filter>
    </CustomBuild>
    <CustomBuild Include="res\SensorsTest.rc2">
      <Filter>Resource Files</Filter>
    </CustomBuild>
    <CustomBuild Include="ReadMe.txt" />
  </ItemGroup>
</Project>